
Microsoft Visual Studio Solution File, Format Version 12.00
# Visual Studio Version 16
VisualStudioVersion = 16.0.31424.327
MinimumVisualStudioVersion = 10.0.40219.1
Project("{FAE04EC0-301F-11D3-BF4B-00C04F79EFBC}") = "ASYNC_AWAIT_FORM", "ASYNC_AWAIT_FORM.csproj", "{5B9F0972-0D69-4096-938D-5E698DC8462C}"
EndProject
Global
	GlobalSection(SolutionConfigurationPlatforms) = preSolution
		Debug|Any CPU = Debug|Any CPU
		Release|Any CPU = Release|Any CPU
	EndGlobalSection
	GlobalSection(ProjectConfigurationPlatforms) = postSolution
		{5B9F0972-0D69-4096-938D-5E698DC8462C}.Debug|Any CPU.ActiveCfg = Debug|Any CPU
		{5B9F0972-0D69-4096-938D-5E698DC8462C}.Debug|Any CPU.Build.0 = Debug|Any CPU
		{5B9F0972-0D69-4096-938D-5E698DC8462C}.Release|Any CPU.ActiveCfg = Release|Any CPU
		{5B9F0972-0D69-4096-938D-5E698DC8462C}.Release|Any CPU.Build.0 = Release|Any CPU
	EndGlobalSection
	GlobalSection(SolutionProperties) = preSolution
		HideSolutionNode = FALSE
	EndGlobalSection
	GlobalSection(ExtensibilityGlobals) = postSolution
		SolutionGuid = {95841536-E6C1-4AA3-9F91-1324F2CAB622}
	EndGlobalSection
EndGlobal
